
Microsoft Visual Studio Solution File, Format Version 12.00
# Visual Studio Version 17
VisualStudioVersion = 17.4.33213.308
MinimumVisualStudioVersion = 10.0.40219.1
Project("{FAE04EC0-301F-11D3-BF4B-00C04F79EFBC}") = "ProyectoMVC2", "ProyectoMVC2.csproj", "{231308FA-1753-454E-8E2E-AD7995CEFA2A}"
EndProject
Global
	GlobalSection(SolutionConfigurationPlatforms) = preSolution
		Debug|Any CPU = Debug|Any CPU
		Release|Any CPU = Release|Any CPU
	EndGlobalSection
	GlobalSection(ProjectConfigurationPlatforms) = postSolution
		{231308FA-1753-454E-8E2E-AD7995CEFA2A}.Debug|Any CPU.ActiveCfg = Debug|Any CPU
		{231308FA-1753-454E-8E2E-AD7995CEFA2A}.Debug|Any CPU.Build.0 = Debug|Any CPU
		{231308FA-1753-454E-8E2E-AD7995CEFA2A}.Release|Any CPU.ActiveCfg = Release|Any CPU
		{231308FA-1753-454E-8E2E-AD7995CEFA2A}.Release|Any CPU.Build.0 = Release|Any CPU
	EndGlobalSection
	GlobalSection(SolutionProperties) = preSolution
		HideSolutionNode = FALSE
	EndGlobalSection
	GlobalSection(ExtensibilityGlobals) = postSolution
		SolutionGuid = {CD1C9DBB-70C7-4FF5-830A-1C8AF609A0E0}
	EndGlobalSection
EndGlobal
